{
  "version": 4,
  "terraform_version": "1.10.5",
  "serial": 7,
  "lineage": "5b959087-ff1a-34c0-4cec-0e31ff1ae2cd",
  "outputs": {
    "instance_ip": {
      "value": "3.66.155.101",
      "type": "string"
    }
  },
  "resources": [
    {
      "mode": "managed",
      "type": "aws_instance",
      "name": "web",
      "provider": "provider[\"registry.terraform.io/hashicorp/aws\"]",
      "instances": [
        {
          "schema_version": 1,
          "attributes": {
            "ami": "ami-06ee6255945a96aba",
            "arn": "arn:aws:ec2:eu-central-1:886436931012:instance/i-0831b252944085a97",
            "associate_public_ip_address": true,
            "availability_zone": "eu-central-1b",
            "capacity_reservation_specification": [
              {
                "capacity_reservation_preference": "open",
                "capacity_reservation_target": []
              }
            ],
            "cpu_core_count": 1,
            "cpu_options": [
              {
                "amd_sev_snp": "",
                "core_count": 1,
                "threads_per_core": 2
              }
            ],
            "cpu_threads_per_core": 2,
            "credit_specification": [
              {
                "cpu_credits": "unlimited"
              }
            ],
            "disable_api_stop": false,
            "disable_api_termination": false,
            "ebs_block_device": [],
            "ebs_optimized": false,
            "enable_primary_ipv6": null,
            "enclave_options": [
              {
                "enabled": false
              }
            ],
            "ephemeral_block_device": [],
            "get_password_data": false,
            "hibernation": false,
            "host_id": "",
            "host_resource_group_arn": null,
            "iam_instance_profile": "",
            "id": "i-0831b252944085a97",
            "instance_initiated_shutdown_behavior": "stop",
            "instance_lifecycle": "",
            "instance_market_options": [],
            "instance_state": "running",
            "instance_type": "t3.micro",
            "ipv6_address_count": 0,
            "ipv6_addresses": [],
            "key_name": "ansible-key",
            "launch_template": [],
            "maintenance_options": [
              {
                "auto_recovery": "default"
              }
            ],
            "metadata_options": [
              {
                "http_endpoint": "enabled",
                "http_protocol_ipv6": "disabled",
                "http_put_response_hop_limit": 2,
                "http_tokens": "required",
                "instance_metadata_tags": "disabled"
              }
            ],
            "monitoring": false,
            "network_interface": [],
            "outpost_arn": "",
            "password_data": "",
            "placement_group": "",
            "placement_partition_number": 0,
            "primary_network_interface_id": "eni-02c294d8a5136175f",
            "private_dns": "ip-172-31-37-74.eu-central-1.compute.internal",
            "private_dns_name_options": [
              {
                "enable_resource_name_dns_a_record": false,
                "enable_resource_name_dns_aaaa_record": false,
                "hostname_type": "ip-name"
              }
            ],
            "private_ip": "172.31.37.74",
            "public_dns": "ec2-3-66-155-101.eu-central-1.compute.amazonaws.com",
            "public_ip": "3.66.155.101",
            "root_block_device": [
              {
                "delete_on_termination": true,
                "device_name": "/dev/xvda",
                "encrypted": false,
                "iops": 3000,
                "kms_key_id": "",
                "tags": {},
                "tags_all": {},
                "throughput": 125,
                "volume_id": "vol-068105d8fbf45b3f3",
                "volume_size": 8,
                "volume_type": "gp3"
              }
            ],
            "secondary_private_ips": [],
            "security_groups": [
              "default"
            ],
            "source_dest_check": true,
            "spot_instance_request_id": "",
            "subnet_id": "subnet-0df62178a0a8687bb",
            "tags": {
              "Name": "Terraform-EC2"
            },
            "tags_all": {
              "Name": "Terraform-EC2"
            },
            "tenancy": "default",
            "timeouts": null,
            "user_data": null,
            "user_data_base64": null,
            "user_data_replace_on_change": false,
            "volume_tags": null,
            "vpc_security_group_ids": [
              "sg-08f544bf3b996347c"
            ]
          },
          "sensitive_attributes": [],
          "private": "eyJlMmJmYjczMC1lY2FhLTExZTYtOGY4OC0zNDM2M2JjN2M0YzAiOnsiY3JlYXRlIjo2MDAwMDAwMDAwMDAsImRlbGV0ZSI6MTIwMDAwMDAwMDAwMCwicmVhZCI6OTAwMDAwMDAwMDAwLCJ1cGRhdGUiOjYwMDAwMDAwMDAwMH0sInNjaGVtYV92ZXJzaW9uIjoiMSJ9",
          "dependencies": [
            "aws_key_pair.ansible_key"
          ]
        }
      ]
    },
    {
      "mode": "managed",
      "type": "aws_key_pair",
      "name": "ansible_key",
      "provider": "provider[\"registry.terraform.io/hashicorp/aws\"]",
      "instances": [
        {
          "schema_version": 1,
          "attributes": {
            "arn": "arn:aws:ec2:eu-central-1:886436931012:key-pair/ansible-key",
            "fingerprint": "3f:7c:a7:fb:a1:97:6b:bd:02:36:8f:6f:43:01:8b:b2",
            "id": "ansible-key",
            "key_name": "ansible-key",
            "key_name_prefix": "",
            "key_pair_id": "key-0f1133d0d004b56cf",
            "key_type": "rsa",
            "public_key": "ssh-rsa AAAAB3NzaC1yc2EAAAADAQABAAACAQDQr+xPCDxFyNoEa7DJLK4WLB0Rh9Dkb2oaPjd9NU7r0hAW64CHMM9CdPokkrTIhpM6jIL62m43bkeLr7jXYcTm5SFzY4J6DIRVokyXajGIivB37Y/vAnpW70MimrYuix/5CrDY83Z0FpKDHr3facKOIlWwR3fbk6j7SmoUwq5+8J6MF6HknlBxMYkNXuq0TlA+cRUuSvqYpk5zn+G+vVSKLVZ0V9FNkVyk0s6nCuSuoqjB9X+Pgnw+7d5YifhTTrhixlx0Uvc7n335uEPNrN8iiafBXONMs5nY2kGO0U71jdqWJMz/rOeyHlkWMKdhg5IHYpMEevderclGEnBecUGrFbQhWXymCFmzouosqxMQ7k5pFjCfAs5hYM5jHDVnzA7/RxMbXlltzAh2p2+Quu2ID+dtP0G30wq3kp8sRMGJo1P4SUOtSgmvqbJ6ea4fcQiMSZOwoD6IOI01uQ57AE5HAshB2xxq0UF8ncbVFaUMN8jMjnbH3hukH4QYd2+HXMNS562m0CxKr5SXrfI7fw4qMCDulLty80L8TUSevqIyY27GLEkHjLkXDVO+bkYWfzdDDGt89IxhuS6m5Q4p46ESrYnwZg0j5g7g7+No9xHwuu2gvrOmt3Ldm1KbeAMVT9spkKHuOx263OV58CYrqzGoA4gFL4nVvGgWx9cSN17yvw== luanmacek@Luans-MacBook-Pro.local",
            "tags": null,
            "tags_all": {}
          },
          "sensitive_attributes": [],
          "private": "eyJzY2hlbWFfdmVyc2lvbiI6IjEifQ=="
        }
      ]
    }
  ],
  "check_results": null
}
